
Microsoft Visual Studio Solution File, Format Version 12.00
# Visual Studio Version 17
VisualStudioVersion = 17.4.33205.214
MinimumVisualStudioVersion = 10.0.40219.1
Project("{FAE04EC0-301F-11D3-BF4B-00C04F79EFBC}") = "BlazorMovies.Server", "BlazorMovies\Server\BlazorMovies.Server.csproj", "{968900C2-CCD8-44EF-87DF-C300282DAEDD}"
EndProject
Project("{FAE04EC0-301F-11D3-BF4B-00C04F79EFBC}") = "BlazorMovies.Client", "BlazorMovies\Client\BlazorMovies.Client.csproj", "{EE824723-0714-4FE5-9DC6-F2C7DC1C4273}"
EndProject
Project("{FAE04EC0-301F-11D3-BF4B-00C04F79EFBC}") = "BlazorMovies.Shared", "BlazorMovies\Shared\BlazorMovies.Shared.csproj", "{C513A63D-9F45-4FB5-9F2A-3F5071F7F36C}"
EndProject
Global
	GlobalSection(SolutionConfigurationPlatforms) = preSolution
		Debug|Any CPU = Debug|Any CPU
		Release|Any CPU = Release|Any CPU
	EndGlobalSection
	GlobalSection(ProjectConfigurationPlatforms) = postSolution
		{968900C2-CCD8-44EF-87DF-C300282DAEDD}.Debug|Any CPU.ActiveCfg = Debug|Any CPU
		{968900C2-CCD8-44EF-87DF-C300282DAEDD}.Debug|Any CPU.Build.0 = Debug|Any CPU
		{968900C2-CCD8-44EF-87DF-C300282DAEDD}.Release|Any CPU.ActiveCfg = Release|Any CPU
		{968900C2-CCD8-44EF-87DF-C300282DAEDD}.Release|Any CPU.Build.0 = Release|Any CPU
		{EE824723-0714-4FE5-9DC6-F2C7DC1C4273}.Debug|Any CPU.ActiveCfg = Debug|Any CPU
		{EE824723-0714-4FE5-9DC6-F2C7DC1C4273}.Debug|Any CPU.Build.0 = Debug|Any CPU
		{EE824723-0714-4FE5-9DC6-F2C7DC1C4273}.Release|Any CPU.ActiveCfg = Release|Any CPU
		{EE824723-0714-4FE5-9DC6-F2C7DC1C4273}.Release|Any CPU.Build.0 = Release|Any CPU
		{C513A63D-9F45-4FB5-9F2A-3F5071F7F36C}.Debug|Any CPU.ActiveCfg = Debug|Any CPU
		{C513A63D-9F45-4FB5-9F2A-3F5071F7F36C}.Debug|Any CPU.Build.0 = Debug|Any CPU
		{C513A63D-9F45-4FB5-9F2A-3F5071F7F36C}.Release|Any CPU.ActiveCfg = Release|Any CPU
		{C513A63D-9F45-4FB5-9F2A-3F5071F7F36C}.Release|Any CPU.Build.0 = Release|Any CPU
	EndGlobalSection
	GlobalSection(SolutionProperties) = preSolution
		HideSolutionNode = FALSE
	EndGlobalSection
	GlobalSection(ExtensibilityGlobals) = postSolution
		SolutionGuid = {D169E008-3D76-4505-AE48-89F738FF352A}
	EndGlobalSection
EndGlobal
